
Microsoft Visual Studio Solution File, Format Version 12.00
Project("{FAE04EC0-301F-11D3-BF4B-00C04F79EFBC}") = "CodeClash.AppHost", "CodeClash.AppHost\CodeClash.AppHost.csproj", "{7815593A-2ADD-43A7-B708-D72E1D34E8EE}"
EndProject
Project("{FAE04EC0-301F-11D3-BF4B-00C04F79EFBC}") = "CodeClash.ServiceDefaults", "CodeClash.ServiceDefaults\CodeClash.ServiceDefaults.csproj", "{AF3F366D-2DB1-40AB-BFA0-353B9DBDD751}"
EndProject
Project("{FAE04EC0-301F-11D3-BF4B-00C04F79EFBC}") = "CodeClash.ApiService", "CodeClash.ApiService\CodeClash.ApiService.csproj", "{04A740F2-934E-416D-8B34-522D0FEBDDC9}"
EndProject
Project("{FAE04EC0-301F-11D3-BF4B-00C04F79EFBC}") = "CodeClash.Web", "CodeClash.Web\CodeClash.Web.csproj", "{62E7D459-7D8A-41E3-8D76-2ED70885CEE3}"
EndProject
Global
	GlobalSection(SolutionConfigurationPlatforms) = preSolution
		Debug|Any CPU = Debug|Any CPU
		Release|Any CPU = Release|Any CPU
	EndGlobalSection
	GlobalSection(ProjectConfigurationPlatforms) = postSolution
		{7815593A-2ADD-43A7-B708-D72E1D34E8EE}.Debug|Any CPU.ActiveCfg = Debug|Any CPU
		{7815593A-2ADD-43A7-B708-D72E1D34E8EE}.Debug|Any CPU.Build.0 = Debug|Any CPU
		{7815593A-2ADD-43A7-B708-D72E1D34E8EE}.Release|Any CPU.ActiveCfg = Release|Any CPU
		{7815593A-2ADD-43A7-B708-D72E1D34E8EE}.Release|Any CPU.Build.0 = Release|Any CPU
		{AF3F366D-2DB1-40AB-BFA0-353B9DBDD751}.Debug|Any CPU.ActiveCfg = Debug|Any CPU
		{AF3F366D-2DB1-40AB-BFA0-353B9DBDD751}.Debug|Any CPU.Build.0 = Debug|Any CPU
		{AF3F366D-2DB1-40AB-BFA0-353B9DBDD751}.Release|Any CPU.ActiveCfg = Release|Any CPU
		{AF3F366D-2DB1-40AB-BFA0-353B9DBDD751}.Release|Any CPU.Build.0 = Release|Any CPU
		{04A740F2-934E-416D-8B34-522D0FEBDDC9}.Debug|Any CPU.ActiveCfg = Debug|Any CPU
		{04A740F2-934E-416D-8B34-522D0FEBDDC9}.Debug|Any CPU.Build.0 = Debug|Any CPU
		{04A740F2-934E-416D-8B34-522D0FEBDDC9}.Release|Any CPU.ActiveCfg = Release|Any CPU
		{04A740F2-934E-416D-8B34-522D0FEBDDC9}.Release|Any CPU.Build.0 = Release|Any CPU
		{62E7D459-7D8A-41E3-8D76-2ED70885CEE3}.Debug|Any CPU.ActiveCfg = Debug|Any CPU
		{62E7D459-7D8A-41E3-8D76-2ED70885CEE3}.Debug|Any CPU.Build.0 = Debug|Any CPU
		{62E7D459-7D8A-41E3-8D76-2ED70885CEE3}.Release|Any CPU.ActiveCfg = Release|Any CPU
		{62E7D459-7D8A-41E3-8D76-2ED70885CEE3}.Release|Any CPU.Build.0 = Release|Any CPU
	EndGlobalSection
EndGlobal
